
Microsoft Visual Studio Solution File, Format Version 12.00
# Visual Studio 15
VisualStudioVersion = 15.0.28307.271
MinimumVisualStudioVersion = 10.0.40219.1
Project("{FAE04EC0-301F-11D3-BF4B-00C04F79EFBC}") = "inClass5", "inClass5\inClass5.csproj", "{7DAAED7D-CA8F-4E9E-B1CF-47E92B19C906}"
EndProject
Global
	GlobalSection(SolutionConfigurationPlatforms) = preSolution
		Debug|Any CPU = Debug|Any CPU
		Release|Any CPU = Release|Any CPU
	EndGlobalSection
	GlobalSection(ProjectConfigurationPlatforms) = postSolution
		{7DAAED7D-CA8F-4E9E-B1CF-47E92B19C906}.Debug|Any CPU.ActiveCfg = Debug|Any CPU
		{7DAAED7D-CA8F-4E9E-B1CF-47E92B19C906}.Debug|Any CPU.Build.0 = Debug|Any CPU
		{7DAAED7D-CA8F-4E9E-B1CF-47E92B19C906}.Release|Any CPU.ActiveCfg = Release|Any CPU
		{7DAAED7D-CA8F-4E9E-B1CF-47E92B19C906}.Release|Any CPU.Build.0 = Release|Any CPU
	EndGlobalSection
	GlobalSection(SolutionProperties) = preSolution
		HideSolutionNode = FALSE
	EndGlobalSection
	GlobalSection(ExtensibilityGlobals) = postSolution
		SolutionGuid = {3C6C3273-E351-4FB2-BEFC-4BD622276165}
	EndGlobalSection
EndGlobal
